
Microsoft Visual Studio Solution File, Format Version 12.00
# Visual Studio Version 17
VisualStudioVersion = 17.0.31903.59
MinimumVisualStudioVersion = 10.0.40219.1
Project("{FAE04EC0-301F-11D3-BF4B-00C04F79EFBC}") = "Gizmo.Compiler", "Gizmo.Compiler\Gizmo.Compiler.csproj", "{097021CE-FEC8-40F1-B5DF-FFEA6CCFCB91}"
EndProject
Project("{FAE04EC0-301F-11D3-BF4B-00C04F79EFBC}") = "Gizmo", "Gizmo\Gizmo.csproj", "{1140B0D3-FF09-4BE1-8DCA-96CB427931A6}"
EndProject
Global
	GlobalSection(SolutionConfigurationPlatforms) = preSolution
		Debug|Any CPU = Debug|Any CPU
		Release|Any CPU = Release|Any CPU
	EndGlobalSection
	GlobalSection(ProjectConfigurationPlatforms) = postSolution
		{097021CE-FEC8-40F1-B5DF-FFEA6CCFCB91}.Debug|Any CPU.ActiveCfg = Debug|Any CPU
		{097021CE-FEC8-40F1-B5DF-FFEA6CCFCB91}.Debug|Any CPU.Build.0 = Debug|Any CPU
		{097021CE-FEC8-40F1-B5DF-FFEA6CCFCB91}.Release|Any CPU.ActiveCfg = Release|Any CPU
		{097021CE-FEC8-40F1-B5DF-FFEA6CCFCB91}.Release|Any CPU.Build.0 = Release|Any CPU
		{1140B0D3-FF09-4BE1-8DCA-96CB427931A6}.Debug|Any CPU.ActiveCfg = Debug|Any CPU
		{1140B0D3-FF09-4BE1-8DCA-96CB427931A6}.Debug|Any CPU.Build.0 = Debug|Any CPU
		{1140B0D3-FF09-4BE1-8DCA-96CB427931A6}.Release|Any CPU.ActiveCfg = Release|Any CPU
		{1140B0D3-FF09-4BE1-8DCA-96CB427931A6}.Release|Any CPU.Build.0 = Release|Any CPU
	EndGlobalSection
	GlobalSection(SolutionProperties) = preSolution
		HideSolutionNode = FALSE
	EndGlobalSection
EndGlobal
